
Microsoft Visual Studio Solution File, Format Version 12.00
# Visual Studio Version 16
VisualStudioVersion = 16.0.29306.81
MinimumVisualStudioVersion = 10.0.40219.1
Project("{8BC9CEB8-8B4A-11D0-8D11-00A0C91BC942}") = "TutorialClient", "TutorialClient.vcxproj", "{7143FCD3-DD3B-4A0E-80D8-368B106BD235}"
EndProject
Global
	GlobalSection(SolutionConfigurationPlatforms) = preSolution
		Debug|x64 = Debug|x64
		Release|x64 = Release|x64
	EndGlobalSection
	GlobalSection(ProjectConfigurationPlatforms) = postSolution
		{7143FCD3-DD3B-4A0E-80D8-368B106BD235}.Debug|x64.ActiveCfg = Debug|x64
		{7143FCD3-DD3B-4A0E-80D8-368B106BD235}.Debug|x64.Build.0 = Debug|x64
		{7143FCD3-DD3B-4A0E-80D8-368B106BD235}.Release|x64.ActiveCfg = Release|x64
		{7143FCD3-DD3B-4A0E-80D8-368B106BD235}.Release|x64.Build.0 = Release|x64
	EndGlobalSection
	GlobalSection(SolutionProperties) = preSolution
		HideSolutionNode = FALSE
	EndGlobalSection
	GlobalSection(ExtensibilityGlobals) = postSolution
		SolutionGuid = {CF3CF6C7-DE3C-4BEB-98FA-37ABD33782DB}
	EndGlobalSection
EndGlobal
